
Microsoft Visual Studio Solution File, Format Version 12.00
# Visual Studio 14
VisualStudioVersion = 14.0.25420.1
MinimumVisualStudioVersion = 10.0.40219.1
Project("{2150E333-8FDC-42A3-9474-1A3956D46DE8}") = "Main", "Main", "{04BB165F-9B88-47A1-9CC8-B9FE7286342A}"
EndProject
Project("{8BB2217D-0F2D-49D1-97BC-3654ED321F3B}") = "Core", "src\Core\Core.xproj", "{2668B3D4-F417-4BAE-A046-5413E3CC0CBD}"
EndProject
Project("{8BB2217D-0F2D-49D1-97BC-3654ED321F3B}") = "AzureRepositories", "src\AzureRepositories\AzureRepositories.xproj", "{91FC88D1-CA8A-484E-A68A-78C9229EB416}"
EndProject
Project("{8BB2217D-0F2D-49D1-97BC-3654ED321F3B}") = "LkeServices", "src\LkeServices\LkeServices.xproj", "{D57A254F-AEB6-4EDB-B9EF-A6ED13711EF4}"
EndProject
Project("{2150E333-8FDC-42A3-9474-1A3956D46DE8}") = "Runners", "Runners", "{73E5244B-3A3A-4065-BDB5-43A7B78012BC}"
EndProject
Project("{8BB2217D-0F2D-49D1-97BC-3654ED321F3B}") = "ApiRunner", "src\ApiRunner\ApiRunner.xproj", "{32ED9A10-591C-4EEF-8C30-AF5BD690FA0D}"
EndProject
Project("{8BB2217D-0F2D-49D1-97BC-3654ED321F3B}") = "JobRunner", "src\JobRunner\JobRunner.xproj", "{2C460B14-CA66-4B5B-966C-A32E569929C8}"
EndProject
Project("{8BB2217D-0F2D-49D1-97BC-3654ED321F3B}") = "ContractBuilder", "src\ContractBuilder\ContractBuilder.xproj", "{D05F3DC5-59C5-45A5-B5A3-0FDBBAD0B700}"
EndProject
Project("{8BB2217D-0F2D-49D1-97BC-3654ED321F3B}") = "QuantaApi", "src\QuantaApi\QuantaApi.xproj", "{ACD14BE5-B6A7-47D2-B2FE-6B9C33B3797C}"
EndProject
Project("{8BB2217D-0F2D-49D1-97BC-3654ED321F3B}") = "QuantaJob", "src\QuantaJob\QuantaJob.xproj", "{61E833C8-2CE9-4199-ABC5-BB7A787D856B}"
EndProject
Project("{8BB2217D-0F2D-49D1-97BC-3654ED321F3B}") = "Test", "tests\Test\Test.xproj", "{E94A0EF6-8D4F-4F45-81D3-77BF7CB81EC2}"
EndProject
Project("{2150E333-8FDC-42A3-9474-1A3956D46DE8}") = "Tests", "Tests", "{95F11C4B-8291-4B5D-B01C-D45B618E117F}"
EndProject
Global
	GlobalSection(SolutionConfigurationPlatforms) = preSolution
		Debug|Any CPU = Debug|Any CPU
		Release|Any CPU = Release|Any CPU
	EndGlobalSection
	GlobalSection(ProjectConfigurationPlatforms) = postSolution
		{2668B3D4-F417-4BAE-A046-5413E3CC0CBD}.Debug|Any CPU.ActiveCfg = Debug|Any CPU
		{2668B3D4-F417-4BAE-A046-5413E3CC0CBD}.Debug|Any CPU.Build.0 = Debug|Any CPU
		{2668B3D4-F417-4BAE-A046-5413E3CC0CBD}.Release|Any CPU.ActiveCfg = Release|Any CPU
		{2668B3D4-F417-4BAE-A046-5413E3CC0CBD}.Release|Any CPU.Build.0 = Release|Any CPU
		{91FC88D1-CA8A-484E-A68A-78C9229EB416}.Debug|Any CPU.ActiveCfg = Debug|Any CPU
		{91FC88D1-CA8A-484E-A68A-78C9229EB416}.Debug|Any CPU.Build.0 = Debug|Any CPU
		{91FC88D1-CA8A-484E-A68A-78C9229EB416}.Release|Any CPU.ActiveCfg = Release|Any CPU
		{91FC88D1-CA8A-484E-A68A-78C9229EB416}.Release|Any CPU.Build.0 = Release|Any CPU
		{D57A254F-AEB6-4EDB-B9EF-A6ED13711EF4}.Debug|Any CPU.ActiveCfg = Debug|Any CPU
		{D57A254F-AEB6-4EDB-B9EF-A6ED13711EF4}.Debug|Any CPU.Build.0 = Debug|Any CPU
		{D57A254F-AEB6-4EDB-B9EF-A6ED13711EF4}.Release|Any CPU.ActiveCfg = Release|Any CPU
		{D57A254F-AEB6-4EDB-B9EF-A6ED13711EF4}.Release|Any CPU.Build.0 = Release|Any CPU
		{32ED9A10-591C-4EEF-8C30-AF5BD690FA0D}.Debug|Any CPU.ActiveCfg = Debug|Any CPU
		{32ED9A10-591C-4EEF-8C30-AF5BD690FA0D}.Debug|Any CPU.Build.0 = Debug|Any CPU
		{32ED9A10-591C-4EEF-8C30-AF5BD690FA0D}.Release|Any CPU.ActiveCfg = Release|Any CPU
		{32ED9A10-591C-4EEF-8C30-AF5BD690FA0D}.Release|Any CPU.Build.0 = Release|Any CPU
		{2C460B14-CA66-4B5B-966C-A32E569929C8}.Debug|Any CPU.ActiveCfg = Debug|Any CPU
		{2C460B14-CA66-4B5B-966C-A32E569929C8}.Debug|Any CPU.Build.0 = Debug|Any CPU
		{2C460B14-CA66-4B5B-966C-A32E569929C8}.Release|Any CPU.ActiveCfg = Release|Any CPU
		{2C460B14-CA66-4B5B-966C-A32E569929C8}.Release|Any CPU.Build.0 = Release|Any CPU
		{D05F3DC5-59C5-45A5-B5A3-0FDBBAD0B700}.Debug|Any CPU.ActiveCfg = Debug|Any CPU
		{D05F3DC5-59C5-45A5-B5A3-0FDBBAD0B700}.Debug|Any CPU.Build.0 = Debug|Any CPU
		{D05F3DC5-59C5-45A5-B5A3-0FDBBAD0B700}.Release|Any CPU.ActiveCfg = Release|Any CPU
		{D05F3DC5-59C5-45A5-B5A3-0FDBBAD0B700}.Release|Any CPU.Build.0 = Release|Any CPU
		{ACD14BE5-B6A7-47D2-B2FE-6B9C33B3797C}.Debug|Any CPU.ActiveCfg = Debug|Any CPU
		{ACD14BE5-B6A7-47D2-B2FE-6B9C33B3797C}.Debug|Any CPU.Build.0 = Debug|Any CPU
		{ACD14BE5-B6A7-47D2-B2FE-6B9C33B3797C}.Release|Any CPU.ActiveCfg = Release|Any CPU
		{ACD14BE5-B6A7-47D2-B2FE-6B9C33B3797C}.Release|Any CPU.Build.0 = Release|Any CPU
		{61E833C8-2CE9-4199-ABC5-BB7A787D856B}.Debug|Any CPU.ActiveCfg = Debug|Any CPU
		{61E833C8-2CE9-4199-ABC5-BB7A787D856B}.Debug|Any CPU.Build.0 = Debug|Any CPU
		{61E833C8-2CE9-4199-ABC5-BB7A787D856B}.Release|Any CPU.ActiveCfg = Release|Any CPU
		{61E833C8-2CE9-4199-ABC5-BB7A787D856B}.Release|Any CPU.Build.0 = Release|Any CPU
		{E94A0EF6-8D4F-4F45-81D3-77BF7CB81EC2}.Debug|Any CPU.ActiveCfg = Debug|Any CPU
		{E94A0EF6-8D4F-4F45-81D3-77BF7CB81EC2}.Debug|Any CPU.Build.0 = Debug|Any CPU
		{E94A0EF6-8D4F-4F45-81D3-77BF7CB81EC2}.Release|Any CPU.ActiveCfg = Release|Any CPU
		{E94A0EF6-8D4F-4F45-81D3-77BF7CB81EC2}.Release|Any CPU.Build.0 = Release|Any CPU
	EndGlobalSection
	GlobalSection(SolutionProperties) = preSolution
		HideSolutionNode = FALSE
	EndGlobalSection
	GlobalSection(NestedProjects) = preSolution
		{2668B3D4-F417-4BAE-A046-5413E3CC0CBD} = {04BB165F-9B88-47A1-9CC8-B9FE7286342A}
		{91FC88D1-CA8A-484E-A68A-78C9229EB416} = {04BB165F-9B88-47A1-9CC8-B9FE7286342A}
		{D57A254F-AEB6-4EDB-B9EF-A6ED13711EF4} = {04BB165F-9B88-47A1-9CC8-B9FE7286342A}
		{32ED9A10-591C-4EEF-8C30-AF5BD690FA0D} = {73E5244B-3A3A-4065-BDB5-43A7B78012BC}
		{2C460B14-CA66-4B5B-966C-A32E569929C8} = {73E5244B-3A3A-4065-BDB5-43A7B78012BC}
		{E94A0EF6-8D4F-4F45-81D3-77BF7CB81EC2} = {95F11C4B-8291-4B5D-B01C-D45B618E117F}
	EndGlobalSection
EndGlobal
